
Microsoft Visual Studio Solution File, Format Version 12.00
# Visual Studio 15
VisualStudioVersion = 15.0.28010.2003
MinimumVisualStudioVersion = 10.0.40219.1
Project("{FAE04EC0-301F-11D3-BF4B-00C04F79EFBC}") = "brackeys1", "brackeys1\brackeys1.csproj", "{AD6CB02C-A524-491E-AF0C-997D34711A93}"
EndProject
Global
	GlobalSection(SolutionConfigurationPlatforms) = preSolution
		Debug|Any CPU = Debug|Any CPU
		Release|Any CPU = Release|Any CPU
	EndGlobalSection
	GlobalSection(ProjectConfigurationPlatforms) = postSolution
		{AD6CB02C-A524-491E-AF0C-997D34711A93}.Debug|Any CPU.ActiveCfg = Debug|Any CPU
		{AD6CB02C-A524-491E-AF0C-997D34711A93}.Debug|Any CPU.Build.0 = Debug|Any CPU
		{AD6CB02C-A524-491E-AF0C-997D34711A93}.Release|Any CPU.ActiveCfg = Release|Any CPU
		{AD6CB02C-A524-491E-AF0C-997D34711A93}.Release|Any CPU.Build.0 = Release|Any CPU
	EndGlobalSection
	GlobalSection(SolutionProperties) = preSolution
		HideSolutionNode = FALSE
	EndGlobalSection
	GlobalSection(ExtensibilityGlobals) = postSolution
		SolutionGuid = {82A2AF3B-ADEA-4471-864A-0B3E8D668D99}
	EndGlobalSection
EndGlobal
